
Microsoft Visual Studio Solution File, Format Version 12.00
# Visual Studio Version 17
VisualStudioVersion = 17.8.34316.72
MinimumVisualStudioVersion = 10.0.40219.1
Project("{9A19103F-16F7-4668-BE54-9A1E7A4F7556}") = "CMSReact.Server", "CMSReact.Server\CMSReact.Server.csproj", "{AC3F8D84-D70B-43A5-B542-8206A27A8ACA}"
EndProject
Global
	GlobalSection(SolutionConfigurationPlatforms) = preSolution
		Debug|Any CPU = Debug|Any CPU
		Release|Any CPU = Release|Any CPU
	EndGlobalSection
	GlobalSection(ProjectConfigurationPlatforms) = postSolution
		{AC3F8D84-D70B-43A5-B542-8206A27A8ACA}.Debug|Any CPU.ActiveCfg = Debug|Any CPU
		{AC3F8D84-D70B-43A5-B542-8206A27A8ACA}.Debug|Any CPU.Build.0 = Debug|Any CPU
		{AC3F8D84-D70B-43A5-B542-8206A27A8ACA}.Release|Any CPU.ActiveCfg = Release|Any CPU
		{AC3F8D84-D70B-43A5-B542-8206A27A8ACA}.Release|Any CPU.Build.0 = Release|Any CPU
	EndGlobalSection
	GlobalSection(SolutionProperties) = preSolution
		HideSolutionNode = FALSE
	EndGlobalSection
	GlobalSection(ExtensibilityGlobals) = postSolution
		SolutionGuid = {682BBAF7-A7C3-4345-86E4-2D0BA73D948B}
	EndGlobalSection
EndGlobal
